speakeasyVersion: 1.405.6
sources:
    my-source:
        sourceNamespace: my-source
        sourceRevisionDigest: sha256:f2bd12dea99ec58806baf867d9dead020363ec38594340220421ffc7a26194db
        sourceBlobDigest: sha256:53b60a8a4f52b48ff61e2dd7c1eb787a37c44db8c125efd5dca714698027d09e
        tags:
            - latest
            - main
    plexapi:
        sourceNamespace: plexapi
        sourceRevisionDigest: sha256:b146684d2d813daa8ba29e432a12334838753d0b20183beca8178a74ec4d895a
        sourceBlobDigest: sha256:58f51c4319fcda931d63950fd926e8650e20a2e1375e356bf3a930111e246a58
        tags:
            - latest
            - main
targets:
    plexswift:
        source: plexapi
        sourceNamespace: plexapi
        sourceRevisionDigest: sha256:b146684d2d813daa8ba29e432a12334838753d0b20183beca8178a74ec4d895a
        sourceBlobDigest: sha256:58f51c4319fcda931d63950fd926e8650e20a2e1375e356bf3a930111e246a58
        codeSamplesNamespace: code-samples-swift-plexswift
        codeSamplesRevisionDigest: sha256:d1102cd0873c1cfa11730907f56e3b7fee502bb37915278eb91740706c5cc15b
workflow:
    workflowVersion: 1.0.0
    speakeasyVersion: latest
    sources:
        plexapi:
            inputs:
                - location: registry.speakeasyapi.dev/plexapi/plexapi/plexapi:main
    targets:
        plexswift:
            target: swift
            source: plexapi
            codeSamples:
                output: codeSamples.yaml
                registry:
                    location: registry.speakeasyapi.dev/plexapi/plexapi/code-samples-swift-plexswift
