speakeasyVersion: 1.405.6
sources:
    my-source:
        sourceNamespace: my-source
        sourceRevisionDigest: sha256:f2bd12dea99ec58806baf867d9dead020363ec38594340220421ffc7a26194db
        sourceBlobDigest: sha256:53b60a8a4f52b48ff61e2dd7c1eb787a37c44db8c125efd5dca714698027d09e
        tags:
            - latest
            - main
    plexapi:
        sourceNamespace: plexapi
        sourceRevisionDigest: sha256:28e2213b78ff9c789846a4a0b7ab9fb219079a1699d44b22d28474efc4f48eac
        sourceBlobDigest: sha256:fa76c39de0ff801844dd56a76c26ab6ca88695fc9b42bb9ff9a8aab5b2b21277
        tags:
            - latest
            - main
targets:
    plexswift:
        source: plexapi
        sourceNamespace: plexapi
        sourceRevisionDigest: sha256:28e2213b78ff9c789846a4a0b7ab9fb219079a1699d44b22d28474efc4f48eac
        sourceBlobDigest: sha256:fa76c39de0ff801844dd56a76c26ab6ca88695fc9b42bb9ff9a8aab5b2b21277
        codeSamplesNamespace: code-samples-swift-plexswift
        codeSamplesRevisionDigest: sha256:56fe308c9812ce82035345ca8185559b5b800f86968512ec081e6ced409fc0ae
workflow:
    workflowVersion: 1.0.0
    speakeasyVersion: latest
    sources:
        plexapi:
            inputs:
                - location: registry.speakeasyapi.dev/plexapi/plexapi/plexapi:main
    targets:
        plexswift:
            target: swift
            source: plexapi
            codeSamples:
                output: codeSamples.yaml
                registry:
                    location: registry.speakeasyapi.dev/plexapi/plexapi/code-samples-swift-plexswift
