speakeasyVersion: 1.300.1
sources:
    my-source:
        sourceNamespace: my-source
        sourceRevisionDigest: sha256:bc3162168fc51650df0f5da981fad11220560817ba3225d49c30a34e92390ad3
        sourceBlobDigest: sha256:cdd3c484da4540c513ae34eda7ec2f48a076736665b18b5920a32353951ce6b8
        tags:
            - latest
            - main
targets:
    plexswift:
        source: my-source
        sourceNamespace: my-source
        sourceRevisionDigest: sha256:bc3162168fc51650df0f5da981fad11220560817ba3225d49c30a34e92390ad3
        sourceBlobDigest: sha256:cdd3c484da4540c513ae34eda7ec2f48a076736665b18b5920a32353951ce6b8
        outLocation: /github/workspace/repo
workflow:
    workflowVersion: 1.0.0
    speakeasyVersion: latest
    sources:
        my-source:
            inputs:
                - location: https://raw.githubusercontent.com/LukeHagar/plex-api-spec/main/plex-media-server-spec-dereferenced.yaml
            registry:
                location: registry.speakeasyapi.dev/lukehagar/lukehagar/my-source
    targets:
        plexswift:
            target: swift
            source: my-source
            codeSamples:
                output: codeSamples.yaml
